// !$*UTF8*$!
{
	archiveVersion = 1;
	classes = {
	};
	objectVersion = 55;
	objects = {

/* Begin PBXBuildFile section */
		1F0C43242892DDEF0020E56A /* PathFitter.swift in Sources */ = {isa = PBXBuildFile; fileRef = 1F0C43232892DDEF0020E56A /* PathFitter.swift */; };
		1F13FD14286C578500B3699C /* Compute.metal in Sources */ = {isa = PBXBuildFile; fileRef = 1F13FD13286C578500B3699C /* Compute.metal */; };
		1F45A6672865ECBA00C649D7 /* Shape.swift in Sources */ = {isa = PBXBuildFile; fileRef = 1F45A6662865ECBA00C649D7 /* Shape.swift */; };
		1F45A6692865F39400C649D7 /* Drawing.swift in Sources */ = {isa = PBXBuildFile; fileRef = 1F45A6682865F39400C649D7 /* Drawing.swift */; };
		1F4C2EE528857115007EB29C /* Stroke.swift in Sources */ = {isa = PBXBuildFile; fileRef = 1F4C2EE428857115007EB29C /* Stroke.swift */; };
		1F8BE5B828896E690035BF93 /* Color.swift in Sources */ = {isa = PBXBuildFile; fileRef = 1F8BE5B728896E690035BF93 /* Color.swift */; };
		1F8BE5BA288974050035BF93 /* App.swift in Sources */ = {isa = PBXBuildFile; fileRef = 1F8BE5B9288974050035BF93 /* App.swift */; };
		1F8BE5BC28897C750035BF93 /* DrawingStroke.swift in Sources */ = {isa = PBXBuildFile; fileRef = 1F8BE5BB28897C750035BF93 /* DrawingStroke.swift */; };
		1F8BE5C128898B220035BF93 /* Page.swift in Sources */ = {isa = PBXBuildFile; fileRef = 1F8BE5C028898B210035BF93 /* Page.swift */; };
		1F8BE5C328899D4B0035BF93 /* Guide.swift in Sources */ = {isa = PBXBuildFile; fileRef = 1F8BE5C228899D4B0035BF93 /* Guide.swift */; };
		1F8BE5C52889A8A40035BF93 /* Geom.swift in Sources */ = {isa = PBXBuildFile; fileRef = 1F8BE5C42889A8A40035BF93 /* Geom.swift */; };
		1F8BE5C72889AA850035BF93 /* Shapes.swift in Sources */ = {isa = PBXBuildFile; fileRef = 1F8BE5C62889AA850035BF93 /* Shapes.swift */; };
		1F8BE5C92889BF390035BF93 /* Extensions.swift in Sources */ = {isa = PBXBuildFile; fileRef = 1F8BE5C82889BF390035BF93 /* Extensions.swift */; };
		1F8BE5CB288AA3580035BF93 /* BezierFit.swift in Sources */ = {isa = PBXBuildFile; fileRef = 1F8BE5CA288AA3580035BF93 /* BezierFit.swift */; };
		1F8BE5CD288AB3FC0035BF93 /* Graph.swift in Sources */ = {isa = PBXBuildFile; fileRef = 1F8BE5CC288AB3FC0035BF93 /* Graph.swift */; };
		1F8BE5CF289189920035BF93 /* ColorPicker.swift in Sources */ = {isa = PBXBuildFile; fileRef = 1F8BE5CE289189920035BF93 /* ColorPicker.swift */; };
		1FA2CB4F2862091900D06E38 /* CGVectorExtensions.swift in Sources */ = {isa = PBXBuildFile; fileRef = 1FA2CB4E2862091800D06E38 /* CGVectorExtensions.swift */; };
		1FC632A92894180B00DF15ED /* FitCurve.swift in Sources */ = {isa = PBXBuildFile; fileRef = 1FC632A82894180B00DF15ED /* FitCurve.swift */; };
		1FD8E5C5286F3117002EA9DE /* TransformMatrix.swift in Sources */ = {isa = PBXBuildFile; fileRef = 1FD8E5C4286F3117002EA9DE /* TransformMatrix.swift */; };
		1FE37ABE2860ACA900DBE6F4 /* AppDelegate.swift in Sources */ = {isa = PBXBuildFile; fileRef = 1FE37ABD2860ACA900DBE6F4 /* AppDelegate.swift */; };
		1FE37AC02860ACA900DBE6F4 /* SceneDelegate.swift in Sources */ = {isa = PBXBuildFile; fileRef = 1FE37ABF2860ACA900DBE6F4 /* SceneDelegate.swift */; };
		1FE37AC22860ACA900DBE6F4 /* ViewController.swift in Sources */ = {isa = PBXBuildFile; fileRef = 1FE37AC12860ACA900DBE6F4 /* ViewController.swift */; };
		1FE37AC52860ACA900DBE6F4 /* Main.storyboard in Resources */ = {isa = PBXBuildFile; fileRef = 1FE37AC32860ACA900DBE6F4 /* Main.storyboard */; };
		1FE37AC72860ACAB00DBE6F4 /* Assets.xcassets in Resources */ = {isa = PBXBuildFile; fileRef = 1FE37AC62860ACAB00DBE6F4 /* Assets.xcassets */; };
		1FE37ACA2860ACAB00DBE6F4 /* LaunchScreen.storyboard in Resources */ = {isa = PBXBuildFile; fileRef = 1FE37AC82860ACAB00DBE6F4 /* LaunchScreen.storyboard */; };
		1FE37AD22860B3E900DBE6F4 /* Renderer.swift in Sources */ = {isa = PBXBuildFile; fileRef = 1FE37AD12860B3E900DBE6F4 /* Renderer.swift */; };
		1FE37AD42860B61000DBE6F4 /* Shader.metal in Sources */ = {isa = PBXBuildFile; fileRef = 1FE37AD32860B61000DBE6F4 /* Shader.metal */; };
		1FE37AD62860C7AB00DBE6F4 /* MultiGestureRecognizer.swift in Sources */ = {isa = PBXBuildFile; fileRef = 1FE37AD52860C7AB00DBE6F4 /* MultiGestureRecognizer.swift */; };
/* End PBXBuildFile section */

/* Begin PBXFileReference section */
		1F0C43232892DDEF0020E56A /* PathFitter.swift */ = {isa = PBXFileReference; lastKnownFileType = sourcecode.swift; path = PathFitter.swift; sourceTree = "<group>"; };
		1F13FD13286C578500B3699C /* Compute.metal */ = {isa = PBXFileReference; lastKnownFileType = sourcecode.metal; path = Compute.metal; sourceTree = "<group>"; };
		1F45A6662865ECBA00C649D7 /* Shape.swift */ = {isa = PBXFileReference; lastKnownFileType = sourcecode.swift; path = Shape.swift; sourceTree = "<group>"; };
		1F45A6682865F39400C649D7 /* Drawing.swift */ = {isa = PBXFileReference; lastKnownFileType = sourcecode.swift; path = Drawing.swift; sourceTree = "<group>"; };
		1F4C2EE428857115007EB29C /* Stroke.swift */ = {isa = PBXFileReference; lastKnownFileType = sourcecode.swift; path = Stroke.swift; sourceTree = "<group>"; };
		1F8BE5B728896E690035BF93 /* Color.swift */ = {isa = PBXFileReference; lastKnownFileType = sourcecode.swift; path = Color.swift; sourceTree = "<group>"; };
		1F8BE5B9288974050035BF93 /* App.swift */ = {isa = PBXFileReference; lastKnownFileType = sourcecode.swift; path = App.swift; sourceTree = "<group>"; };
		1F8BE5BB28897C750035BF93 /* DrawingStroke.swift */ = {isa = PBXFileReference; lastKnownFileType = sourcecode.swift; path = DrawingStroke.swift; sourceTree = "<group>"; };
		1F8BE5C028898B210035BF93 /* Page.swift */ = {isa = PBXFileReference; lastKnownFileType = sourcecode.swift; path = Page.swift; sourceTree = "<group>"; };
		1F8BE5C228899D4B0035BF93 /* Guide.swift */ = {isa = PBXFileReference; lastKnownFileType = sourcecode.swift; path = Guide.swift; sourceTree = "<group>"; };
		1F8BE5C42889A8A40035BF93 /* Geom.swift */ = {isa = PBXFileReference; lastKnownFileType = sourcecode.swift; path = Geom.swift; sourceTree = "<group>"; };
		1F8BE5C62889AA850035BF93 /* Shapes.swift */ = {isa = PBXFileReference; lastKnownFileType = sourcecode.swift; path = Shapes.swift; sourceTree = "<group>"; };
		1F8BE5C82889BF390035BF93 /* Extensions.swift */ = {isa = PBXFileReference; lastKnownFileType = sourcecode.swift; path = Extensions.swift; sourceTree = "<group>"; };
		1F8BE5CA288AA3580035BF93 /* BezierFit.swift */ = {isa = PBXFileReference; lastKnownFileType = sourcecode.swift; path = BezierFit.swift; sourceTree = "<group>"; };
		1F8BE5CC288AB3FC0035BF93 /* Graph.swift */ = {isa = PBXFileReference; lastKnownFileType = sourcecode.swift; path = Graph.swift; sourceTree = "<group>"; };
		1F8BE5CE289189920035BF93 /* ColorPicker.swift */ = {isa = PBXFileReference; lastKnownFileType = sourcecode.swift; path = ColorPicker.swift; sourceTree = "<group>"; };
		1FA2CB4E2862091800D06E38 /* CGVectorExtensions.swift */ = {isa = PBXFileReference; fileEncoding = 4; lastKnownFileType = sourcecode.swift; path = CGVectorExtensions.swift; sourceTree = "<group>"; };
		1FA2CB5228648F6E00D06E38 /* README.md */ = {isa = PBXFileReference; lastKnownFileType = net.daringfireball.markdown; path = README.md; sourceTree = "<group>"; };
		1FC632A82894180B00DF15ED /* FitCurve.swift */ = {isa = PBXFileReference; lastKnownFileType = sourcecode.swift; path = FitCurve.swift; sourceTree = "<group>"; };
		1FD8E5C4286F3117002EA9DE /* TransformMatrix.swift */ = {isa = PBXFileReference; lastKnownFileType = sourcecode.swift; path = TransformMatrix.swift; sourceTree = "<group>"; };
		1FE37ABA2860ACA900DBE6F4 /* MetalTest.app */ = {isa = PBXFileReference; explicitFileType = wrapper.application; includeInIndex = 0; path = MetalTest.app; sourceTree = BUILT_PRODUCTS_DIR; };
		1FE37ABD2860ACA900DBE6F4 /* AppDelegate.swift */ = {isa = PBXFileReference; lastKnownFileType = sourcecode.swift; path = AppDelegate.swift; sourceTree = "<group>"; };
		1FE37ABF2860ACA900DBE6F4 /* SceneDelegate.swift */ = {isa = PBXFileReference; lastKnownFileType = sourcecode.swift; path = SceneDelegate.swift; sourceTree = "<group>"; };
		1FE37AC12860ACA900DBE6F4 /* ViewController.swift */ = {isa = PBXFileReference; lastKnownFileType = sourcecode.swift; path = ViewController.swift; sourceTree = "<group>"; };
		1FE37AC42860ACA900DBE6F4 /* Base */ = {isa = PBXFileReference; lastKnownFileType = file.storyboard; name = Base; path = Base.lproj/Main.storyboard; sourceTree = "<group>"; };
		1FE37AC62860ACAB00DBE6F4 /* Assets.xcassets */ = {isa = PBXFileReference; lastKnownFileType = folder.assetcatalog; path = Assets.xcassets; sourceTree = "<group>"; };
		1FE37AC92860ACAB00DBE6F4 /* Base */ = {isa = PBXFileReference; lastKnownFileType = file.storyboard; name = Base; path = Base.lproj/LaunchScreen.storyboard; sourceTree = "<group>"; };
		1FE37ACB2860ACAB00DBE6F4 /* Info.plist */ = {isa = PBXFileReference; lastKnownFileType = text.plist.xml; path = Info.plist; sourceTree = "<group>"; };
		1FE37AD12860B3E900DBE6F4 /* Renderer.swift */ = {isa = PBXFileReference; lastKnownFileType = sourcecode.swift; path = Renderer.swift; sourceTree = "<group>"; };
		1FE37AD32860B61000DBE6F4 /* Shader.metal */ = {isa = PBXFileReference; lastKnownFileType = sourcecode.metal; path = Shader.metal; sourceTree = "<group>"; };
		1FE37AD52860C7AB00DBE6F4 /* MultiGestureRecognizer.swift */ = {isa = PBXFileReference; lastKnownFileType = sourcecode.swift; path = MultiGestureRecognizer.swift; sourceTree = "<group>"; };
/* End PBXFileReference section */

/* Begin PBXFrameworksBuildPhase section */
		1FE37AB72860ACA900DBE6F4 /* Frameworks */ = {
			isa = PBXFrameworksBuildPhase;
			buildActionMask = 2147483647;
			files = (
			);
			runOnlyForDeploymentPostprocessing = 0;
		};
/* End PBXFrameworksBuildPhase section */

/* Begin PBXGroup section */
		1F8BE5BD28897D670035BF93 /* App */ = {
			isa = PBXGroup;
			children = (
				1F8BE5BB28897C750035BF93 /* DrawingStroke.swift */,
				1F8BE5B9288974050035BF93 /* App.swift */,
				1F8BE5C028898B210035BF93 /* Page.swift */,
				1F8BE5C228899D4B0035BF93 /* Guide.swift */,
				1F8BE5CC288AB3FC0035BF93 /* Graph.swift */,
				1F8BE5CE289189920035BF93 /* ColorPicker.swift */,
			);
			path = App;
			sourceTree = "<group>";
		};
		1F8BE5BE28897D810035BF93 /* Framework */ = {
			isa = PBXGroup;
			children = (
				1FE37AD32860B61000DBE6F4 /* Shader.metal */,
				1F13FD13286C578500B3699C /* Compute.metal */,
				1FE37AD52860C7AB00DBE6F4 /* MultiGestureRecognizer.swift */,
				1FE37AD12860B3E900DBE6F4 /* Renderer.swift */,
				1FE37ABF2860ACA900DBE6F4 /* SceneDelegate.swift */,
				1FE37AC12860ACA900DBE6F4 /* ViewController.swift */,
				1FE37ABD2860ACA900DBE6F4 /* AppDelegate.swift */,
			);
			path = Framework;
			sourceTree = "<group>";
		};
		1F8BE5BF28897DDB0035BF93 /* Lib */ = {
			isa = PBXGroup;
			children = (
				1FA2CB4E2862091800D06E38 /* CGVectorExtensions.swift */,
				1FD8E5C4286F3117002EA9DE /* TransformMatrix.swift */,
				1F8BE5B728896E690035BF93 /* Color.swift */,
				1F8BE5C42889A8A40035BF93 /* Geom.swift */,
				1F8BE5C62889AA850035BF93 /* Shapes.swift */,
				1F8BE5C82889BF390035BF93 /* Extensions.swift */,
				1F8BE5CA288AA3580035BF93 /* BezierFit.swift */,
				1F0C43232892DDEF0020E56A /* PathFitter.swift */,
				1FC632A82894180B00DF15ED /* FitCurve.swift */,
			);
			path = Lib;
			sourceTree = "<group>";
		};
		1FE37AB12860ACA900DBE6F4 = {
			isa = PBXGroup;
			children = (
				1FA2CB5228648F6E00D06E38 /* README.md */,
				1FE37ABC2860ACA900DBE6F4 /* MetalTest */,
				1FE37ABB2860ACA900DBE6F4 /* Products */,
			);
			sourceTree = "<group>";
		};
		1FE37ABB2860ACA900DBE6F4 /* Products */ = {
			isa = PBXGroup;
			children = (
				1FE37ABA2860ACA900DBE6F4 /* MetalTest.app */,
			);
			name = Products;
			sourceTree = "<group>";
		};
		1FE37ABC2860ACA900DBE6F4 /* MetalTest */ = {
			isa = PBXGroup;
			children = (
				1F8BE5BE28897D810035BF93 /* Framework */,
				1F8BE5BF28897DDB0035BF93 /* Lib */,
				1F8BE5BD28897D670035BF93 /* App */,
				1F45A6662865ECBA00C649D7 /* Shape.swift */,
				1F45A6682865F39400C649D7 /* Drawing.swift */,
				1F4C2EE428857115007EB29C /* Stroke.swift */,
				1FE37AC32860ACA900DBE6F4 /* Main.storyboard */,
				1FE37AC62860ACAB00DBE6F4 /* Assets.xcassets */,
				1FE37AC82860ACAB00DBE6F4 /* LaunchScreen.storyboard */,
				1FE37ACB2860ACAB00DBE6F4 /* Info.plist */,
			);
			path = MetalTest;
			sourceTree = "<group>";
		};
/* End PBXGroup section */

/* Begin PBXNativeTarget section */
		1FE37AB92860ACA900DBE6F4 /* MetalTest */ = {
			isa = PBXNativeTarget;
			buildConfigurationList = 1FE37ACE2860ACAB00DBE6F4 /* Build configuration list for PBXNativeTarget "MetalTest" */;
			buildPhases = (
				1FE37AB62860ACA900DBE6F4 /* Sources */,
				1FE37AB72860ACA900DBE6F4 /* Frameworks */,
				1FE37AB82860ACA900DBE6F4 /* Resources */,
			);
			buildRules = (
			);
			dependencies = (
			);
			name = MetalTest;
			productName = MetalTest;
			productReference = 1FE37ABA2860ACA900DBE6F4 /* MetalTest.app */;
			productType = "com.apple.product-type.application";
		};
/* End PBXNativeTarget section */

/* Begin PBXProject section */
		1FE37AB22860ACA900DBE6F4 /* Project object */ = {
			isa = PBXProject;
			attributes = {
				BuildIndependentTargetsInParallel = 1;
				LastSwiftUpdateCheck = 1320;
				LastUpgradeCheck = 1320;
				TargetAttributes = {
					1FE37AB92860ACA900DBE6F4 = {
						CreatedOnToolsVersion = 13.2.1;
					};
				};
			};
			buildConfigurationList = 1FE37AB52860ACA900DBE6F4 /* Build configuration list for PBXProject "MetalTest" */;
			compatibilityVersion = "Xcode 13.0";
			developmentRegion = en;
			hasScannedForEncodings = 0;
			knownRegions = (
				en,
				Base,
			);
			mainGroup = 1FE37AB12860ACA900DBE6F4;
			productRefGroup = 1FE37ABB2860ACA900DBE6F4 /* Products */;
			projectDirPath = "";
			projectRoot = "";
			targets = (
				1FE37AB92860ACA900DBE6F4 /* MetalTest */,
			);
		};
/* End PBXProject section */

/* Begin PBXResourcesBuildPhase section */
		1FE37AB82860ACA900DBE6F4 /* Resources */ = {
			isa = PBXResourcesBuildPhase;
			buildActionMask = 2147483647;
			files = (
				1FE37ACA2860ACAB00DBE6F4 /* LaunchScreen.storyboard in Resources */,
				1FE37AC72860ACAB00DBE6F4 /* Assets.xcassets in Resources */,
				1FE37AC52860ACA900DBE6F4 /* Main.storyboard in Resources */,
			);
			runOnlyForDeploymentPostprocessing = 0;
		};
/* End PBXResourcesBuildPhase section */

/* Begin PBXSourcesBuildPhase section */
		1FE37AB62860ACA900DBE6F4 /* Sources */ = {
			isa = PBXSourcesBuildPhase;
			buildActionMask = 2147483647;
			files = (
				1FA2CB4F2862091900D06E38 /* CGVectorExtensions.swift in Sources */,
				1F8BE5C72889AA850035BF93 /* Shapes.swift in Sources */,
				1FE37AD22860B3E900DBE6F4 /* Renderer.swift in Sources */,
				1F8BE5C128898B220035BF93 /* Page.swift in Sources */,
				1FE37AC22860ACA900DBE6F4 /* ViewController.swift in Sources */,
				1F8BE5BC28897C750035BF93 /* DrawingStroke.swift in Sources */,
				1F45A6692865F39400C649D7 /* Drawing.swift in Sources */,
				1F8BE5B828896E690035BF93 /* Color.swift in Sources */,
				1F8BE5CF289189920035BF93 /* ColorPicker.swift in Sources */,
				1F8BE5C52889A8A40035BF93 /* Geom.swift in Sources */,
				1F8BE5BA288974050035BF93 /* App.swift in Sources */,
				1FE37ABE2860ACA900DBE6F4 /* AppDelegate.swift in Sources */,
				1FE37AD62860C7AB00DBE6F4 /* MultiGestureRecognizer.swift in Sources */,
				1FE37AD42860B61000DBE6F4 /* Shader.metal in Sources */,
				1F4C2EE528857115007EB29C /* Stroke.swift in Sources */,
				1FD8E5C5286F3117002EA9DE /* TransformMatrix.swift in Sources */,
				1F8BE5C92889BF390035BF93 /* Extensions.swift in Sources */,
				1F13FD14286C578500B3699C /* Compute.metal in Sources */,
				1F45A6672865ECBA00C649D7 /* Shape.swift in Sources */,
				1FC632A92894180B00DF15ED /* FitCurve.swift in Sources */,
				1F8BE5CD288AB3FC0035BF93 /* Graph.swift in Sources */,
				1F8BE5C328899D4B0035BF93 /* Guide.swift in Sources */,
				1FE37AC02860ACA900DBE6F4 /* SceneDelegate.swift in Sources */,
				1F0C43242892DDEF0020E56A /* PathFitter.swift in Sources */,
				1F8BE5CB288AA3580035BF93 /* BezierFit.swift in Sources */,
			);
			runOnlyForDeploymentPostprocessing = 0;
		};
/* End PBXSourcesBuildPhase section */

/* Begin PBXVariantGroup section */
		1FE37AC32860ACA900DBE6F4 /* Main.storyboard */ = {
			isa = PBXVariantGroup;
			children = (
				1FE37AC42860ACA900DBE6F4 /* Base */,
			);
			name = Main.storyboard;
			sourceTree = "<group>";
		};
		1FE37AC82860ACAB00DBE6F4 /* LaunchScreen.storyboard */ = {
			isa = PBXVariantGroup;
			children = (
				1FE37AC92860ACAB00DBE6F4 /* Base */,
			);
			name = LaunchScreen.storyboard;
			sourceTree = "<group>";
		};
/* End PBXVariantGroup section */

/* Begin XCBuildConfiguration section */
		1FE37ACC2860ACAB00DBE6F4 /* Debug */ = {
			isa = XCBuildConfiguration;
			buildSettings = {
				ALWAYS_SEARCH_USER_PATHS = NO;
				CLANG_ANALYZER_NONNULL = YES;
				CLANG_ANALYZER_NUMBER_OBJECT_CONVERSION = YES_AGGRESSIVE;
				CLANG_CXX_LANGUAGE_STANDARD = "gnu++17";
				CLANG_CXX_LIBRARY = "libc++";
				CLANG_ENABLE_MODULES = YES;
				CLANG_ENABLE_OBJC_ARC = YES;
				CLANG_ENABLE_OBJC_WEAK = YES;
				CLANG_WARN_BLOCK_CAPTURE_AUTORELEASING = YES;
				CLANG_WARN_BOOL_CONVERSION = YES;
				CLANG_WARN_COMMA = YES;
				CLANG_WARN_CONSTANT_CONVERSION = YES;
				CLANG_WARN_DEPRECATED_OBJC_IMPLEMENTATIONS = YES;
				CLANG_WARN_DIRECT_OBJC_ISA_USAGE = YES_ERROR;
				CLANG_WARN_DOCUMENTATION_COMMENTS = YES;
				CLANG_WARN_EMPTY_BODY = YES;
				CLANG_WARN_ENUM_CONVERSION = YES;
				CLANG_WARN_INFINITE_RECURSION = YES;
				CLANG_WARN_INT_CONVERSION = YES;
				CLANG_WARN_NON_LITERAL_NULL_CONVERSION = YES;
				CLANG_WARN_OBJC_IMPLICIT_RETAIN_SELF = YES;
				CLANG_WARN_OBJC_LITERAL_CONVERSION = YES;
				CLANG_WARN_OBJC_ROOT_CLASS = YES_ERROR;
				CLANG_WARN_QUOTED_INCLUDE_IN_FRAMEWORK_HEADER = YES;
				CLANG_WARN_RANGE_LOOP_ANALYSIS = YES;
				CLANG_WARN_STRICT_PROTOTYPES = YES;
				CLANG_WARN_SUSPICIOUS_MOVE = YES;
				CLANG_WARN_UNGUARDED_AVAILABILITY = YES_AGGRESSIVE;
				CLANG_WARN_UNREACHABLE_CODE = YES;
				CLANG_WARN__DUPLICATE_METHOD_MATCH = YES;
				COPY_PHASE_STRIP = NO;
				DEBUG_INFORMATION_FORMAT = dwarf;
				ENABLE_STRICT_OBJC_MSGSEND = YES;
				ENABLE_TESTABILITY = YES;
				GCC_C_LANGUAGE_STANDARD = gnu11;
				GCC_DYNAMIC_NO_PIC = NO;
				GCC_NO_COMMON_BLOCKS = YES;
				GCC_OPTIMIZATION_LEVEL = 0;
				GCC_PREPROCESSOR_DEFINITIONS = (
					"DEBUG=1",
					"$(inherited)",
				);
				GCC_WARN_64_TO_32_BIT_CONVERSION = YES;
				GCC_WARN_ABOUT_RETURN_TYPE = YES_ERROR;
				GCC_WARN_UNDECLARED_SELECTOR = YES;
				GCC_WARN_UNINITIALIZED_AUTOS = YES_AGGRESSIVE;
				GCC_WARN_UNUSED_FUNCTION = YES;
				GCC_WARN_UNUSED_VARIABLE = YES;
				IPHONEOS_DEPLOYMENT_TARGET = 15.2;
				MTL_ENABLE_DEBUG_INFO = INCLUDE_SOURCE;
				MTL_FAST_MATH = YES;
				ONLY_ACTIVE_ARCH = YES;
				SDKROOT = iphoneos;
				SWIFT_ACTIVE_COMPILATION_CONDITIONS = DEBUG;
				SWIFT_OPTIMIZATION_LEVEL = "-Onone";
			};
			name = Debug;
		};
		1FE37ACD2860ACAB00DBE6F4 /* Release */ = {
			isa = XCBuildConfiguration;
			buildSettings = {
				ALWAYS_SEARCH_USER_PATHS = NO;
				CLANG_ANALYZER_NONNULL = YES;
				CLANG_ANALYZER_NUMBER_OBJECT_CONVERSION = YES_AGGRESSIVE;
				CLANG_CXX_LANGUAGE_STANDARD = "gnu++17";
				CLANG_CXX_LIBRARY = "libc++";
				CLANG_ENABLE_MODULES = YES;
				CLANG_ENABLE_OBJC_ARC = YES;
				CLANG_ENABLE_OBJC_WEAK = YES;
				CLANG_WARN_BLOCK_CAPTURE_AUTORELEASING = YES;
				CLANG_WARN_BOOL_CONVERSION = YES;
				CLANG_WARN_COMMA = YES;
				CLANG_WARN_CONSTANT_CONVERSION = YES;
				CLANG_WARN_DEPRECATED_OBJC_IMPLEMENTATIONS = YES;
				CLANG_WARN_DIRECT_OBJC_ISA_USAGE = YES_ERROR;
				CLANG_WARN_DOCUMENTATION_COMMENTS = YES;
				CLANG_WARN_EMPTY_BODY = YES;
				CLANG_WARN_ENUM_CONVERSION = YES;
				CLANG_WARN_INFINITE_RECURSION = YES;
				CLANG_WARN_INT_CONVERSION = YES;
				CLANG_WARN_NON_LITERAL_NULL_CONVERSION = YES;
				CLANG_WARN_OBJC_IMPLICIT_RETAIN_SELF = YES;
				CLANG_WARN_OBJC_LITERAL_CONVERSION = YES;
				CLANG_WARN_OBJC_ROOT_CLASS = YES_ERROR;
				CLANG_WARN_QUOTED_INCLUDE_IN_FRAMEWORK_HEADER = YES;
				CLANG_WARN_RANGE_LOOP_ANALYSIS = YES;
				CLANG_WARN_STRICT_PROTOTYPES = YES;
				CLANG_WARN_SUSPICIOUS_MOVE = YES;
				CLANG_WARN_UNGUARDED_AVAILABILITY = YES_AGGRESSIVE;
				CLANG_WARN_UNREACHABLE_CODE = YES;
				CLANG_WARN__DUPLICATE_METHOD_MATCH = YES;
				COPY_PHASE_STRIP = NO;
				DEBUG_INFORMATION_FORMAT = "dwarf-with-dsym";
				ENABLE_NS_ASSERTIONS = NO;
				ENABLE_STRICT_OBJC_MSGSEND = YES;
				GCC_C_LANGUAGE_STANDARD = gnu11;
				GCC_NO_COMMON_BLOCKS = YES;
				GCC_WARN_64_TO_32_BIT_CONVERSION = YES;
				GCC_WARN_ABOUT_RETURN_TYPE = YES_ERROR;
				GCC_WARN_UNDECLARED_SELECTOR = YES;
				GCC_WARN_UNINITIALIZED_AUTOS = YES_AGGRESSIVE;
				GCC_WARN_UNUSED_FUNCTION = YES;
				GCC_WARN_UNUSED_VARIABLE = YES;
				IPHONEOS_DEPLOYMENT_TARGET = 15.2;
				MTL_ENABLE_DEBUG_INFO = NO;
				MTL_FAST_MATH = YES;
				SDKROOT = iphoneos;
				SWIFT_COMPILATION_MODE = wholemodule;
				SWIFT_OPTIMIZATION_LEVEL = "-O";
				VALIDATE_PRODUCT = YES;
			};
			name = Release;
		};
		1FE37ACF2860ACAB00DBE6F4 /* Debug */ = {
			isa = XCBuildConfiguration;
			buildSettings = {
				ASSETCATALOG_COMPILER_APPICON_NAME = AppIcon;
				ASSETCATALOG_COMPILER_GLOBAL_ACCENT_COLOR_NAME = AccentColor;
				CODE_SIGN_STYLE = Automatic;
				CURRENT_PROJECT_VERSION = 1;
				DEVELOPMENT_TEAM = 48U6235478;
				GENERATE_INFOPLIST_FILE = YES;
				INFOPLIST_FILE = MetalTest/Info.plist;
				INFOPLIST_KEY_UIApplicationSupportsIndirectInputEvents = YES;
				INFOPLIST_KEY_UILaunchStoryboardName = LaunchScreen;
				INFOPLIST_KEY_UIMainStoryboardFile = Main;
				INFOPLIST_KEY_UISupportedInterfaceOrientations_iPad = "UIInterfaceOrientationPortrait UIInterfaceOrientationPortraitUpsideDown UIInterfaceOrientationLandscapeLeft UIInterfaceOrientationLandscapeRight";
				INFOPLIST_KEY_UISupportedInterfaceOrientations_iPhone = "UIInterfaceOrientationPortrait UIInterfaceOrientationLandscapeLeft UIInterfaceOrientationLandscapeRight";
				LD_RUNPATH_SEARCH_PATHS = (
					"$(inherited)",
					"@executable_path/Frameworks",
				);
				MARKETING_VERSION = 1.0;
				PRODUCT_BUNDLE_IDENTIFIER = wolkenmachine.MetalTest;
				PRODUCT_NAME = "$(TARGET_NAME)";
				SWIFT_EMIT_LOC_STRINGS = YES;
				SWIFT_VERSION = 5.0;
				TARGETED_DEVICE_FAMILY = "1,2";
			};
			name = Debug;
		};
		1FE37AD02860ACAB00DBE6F4 /* Release */ = {
			isa = XCBuildConfiguration;
			buildSettings = {
				ASSETCATALOG_COMPILER_APPICON_NAME = AppIcon;
				ASSETCATALOG_COMPILER_GLOBAL_ACCENT_COLOR_NAME = AccentColor;
				CODE_SIGN_STYLE = Automatic;
				CURRENT_PROJECT_VERSION = 1;
				DEVELOPMENT_TEAM = 48U6235478;
				GENERATE_INFOPLIST_FILE = YES;
				INFOPLIST_FILE = MetalTest/Info.plist;
				INFOPLIST_KEY_UIApplicationSupportsIndirectInputEvents = YES;
				INFOPLIST_KEY_UILaunchStoryboardName = LaunchScreen;
				INFOPLIST_KEY_UIMainStoryboardFile = Main;
				INFOPLIST_KEY_UISupportedInterfaceOrientations_iPad = "UIInterfaceOrientationPortrait UIInterfaceOrientationPortraitUpsideDown UIInterfaceOrientationLandscapeLeft UIInterfaceOrientationLandscapeRight";
				INFOPLIST_KEY_UISupportedInterfaceOrientations_iPhone = "UIInterfaceOrientationPortrait UIInterfaceOrientationLandscapeLeft UIInterfaceOrientationLandscapeRight";
				LD_RUNPATH_SEARCH_PATHS = (
					"$(inherited)",
					"@executable_path/Frameworks",
				);
				MARKETING_VERSION = 1.0;
				PRODUCT_BUNDLE_IDENTIFIER = wolkenmachine.MetalTest;
				PRODUCT_NAME = "$(TARGET_NAME)";
				SWIFT_EMIT_LOC_STRINGS = YES;
				SWIFT_VERSION = 5.0;
				TARGETED_DEVICE_FAMILY = "1,2";
			};
			name = Release;
		};
/* End XCBuildConfiguration section */

/* Begin XCConfigurationList section */
		1FE37AB52860ACA900DBE6F4 /* Build configuration list for PBXProject "MetalTest" */ = {
			isa = XCConfigurationList;
			buildConfigurations = (
				1FE37ACC2860ACAB00DBE6F4 /* Debug */,
				1FE37ACD2860ACAB00DBE6F4 /* Release */,
			);
			defaultConfigurationIsVisible = 0;
			defaultConfigurationName = Release;
		};
		1FE37ACE2860ACAB00DBE6F4 /* Build configuration list for PBXNativeTarget "MetalTest" */ = {
			isa = XCConfigurationList;
			buildConfigurations = (
				1FE37ACF2860ACAB00DBE6F4 /* Debug */,
				1FE37AD02860ACAB00DBE6F4 /* Release */,
			);
			defaultConfigurationIsVisible = 0;
			defaultConfigurationName = Release;
		};
/* End XCConfigurationList section */
	};
	rootObject = 1FE37AB22860ACA900DBE6F4 /* Project object */;
}
